
Microsoft Visual Studio Solution File, Format Version 12.00
# Visual Studio Version 16
VisualStudioVersion = 16.0.29403.142
MinimumVisualStudioVersion = 10.0.40219.1
Project("{2150E333-8FDC-42A3-9474-1A3956D46DE8}") = "Src", "Src", "{40902547-F7F0-45D0-9C38-5B5420226F19}"
EndProject
Project("{2150E333-8FDC-42A3-9474-1A3956D46DE8}") = "Test", "Test", "{8CD29104-4E5C-49AC-BB81-AA6685D7F285}"
EndProject
Project("{2150E333-8FDC-42A3-9474-1A3956D46DE8}") = "Doc", "Doc", "{DAA3DA63-B2B1-4AD9-A12A-ECA887A30327}"
EndProject
Project("{FAE04EC0-301F-11D3-BF4B-00C04F79EFBC}") = "BoxingTire.Domain", "BoxingTire.Domain\BoxingTire.Domain.csproj", "{188553CA-387B-4D79-88D8-E644F2115F94}"
EndProject
Project("{2150E333-8FDC-42A3-9474-1A3956D46DE8}") = "Core", "Core", "{C2235F39-CF21-40D0-BD55-DEA9E700A9A0}"
EndProject
Project("{2150E333-8FDC-42A3-9474-1A3956D46DE8}") = "Presentation", "Presentation", "{44E40743-4E8A-49AE-B9BD-4EC7B3D57A49}"
EndProject
Project("{FAE04EC0-301F-11D3-BF4B-00C04F79EFBC}") = "BoxingTire.WebUi", "BoxingTire.WebUi\BoxingTire.WebUi.csproj", "{A4DE0BBD-9F06-481A-8BE8-27D9ECD4EA91}"
EndProject
Project("{2150E333-8FDC-42A3-9474-1A3956D46DE8}") = "Infrastructure", "Infrastructure", "{EC937E96-6B1D-4D46-A8E9-768D791D706D}"
EndProject
Project("{FAE04EC0-301F-11D3-BF4B-00C04F79EFBC}") = "BoxingTire.Persistence", "BoxingTire.Persistence\BoxingTire.Persistence.csproj", "{422BE2FE-B276-4A81-B7B9-4E8FE92E9016}"
EndProject
Project("{FAE04EC0-301F-11D3-BF4B-00C04F79EFBC}") = "BoxingTire.Application.Test", "BoxingTire.Application.Test\BoxingTire.Application.Test.csproj", "{0774FB84-75F5-4986-85B8-11B10462121F}"
EndProject
Project("{FAE04EC0-301F-11D3-BF4B-00C04F79EFBC}") = "BoxingTire.App.Android", "BoxingTire.App\BoxingTire.App.Android\BoxingTire.App.Android.csproj", "{04C54905-05D7-408C-8DA7-5B3DF6C6772D}"
EndProject
Project("{FAE04EC0-301F-11D3-BF4B-00C04F79EFBC}") = "BoxingTire.App.iOS", "BoxingTire.App\BoxingTire.App.iOS\BoxingTire.App.iOS.csproj", "{E943F764-E32F-4681-8B6E-A20EDBDEA50E}"
EndProject
Project("{FAE04EC0-301F-11D3-BF4B-00C04F79EFBC}") = "BoxingTire.App", "BoxingTire.App\BoxingTire.App\BoxingTire.App.csproj", "{7E5C7A75-9BF9-436F-BD40-1C975697637F}"
EndProject
Project("{FAE04EC0-301F-11D3-BF4B-00C04F79EFBC}") = "BoxingTire.WebApi", "BoxingTire.WebApi\BoxingTire.WebApi.csproj", "{1C09F8AC-1530-4E08-8318-D07F877198C1}"
EndProject
Project("{FAE04EC0-301F-11D3-BF4B-00C04F79EFBC}") = "BoxingTire.Application", "BoxingTire.Application\BoxingTire.Application.csproj", "{2FF86362-9D68-4889-BAC9-BA40CFF5E008}"
EndProject
Global
	GlobalSection(SolutionConfigurationPlatforms) = preSolution
		Debug|Any CPU = Debug|Any CPU
		Debug|iPhone = Debug|iPhone
		Debug|iPhoneSimulator = Debug|iPhoneSimulator
		Release|Any CPU = Release|Any CPU
		Release|iPhone = Release|iPhone
		Release|iPhoneSimulator = Release|iPhoneSimulator
	EndGlobalSection
	GlobalSection(ProjectConfigurationPlatforms) = postSolution
		{188553CA-387B-4D79-88D8-E644F2115F94}.Debug|Any CPU.ActiveCfg = Debug|Any CPU
		{188553CA-387B-4D79-88D8-E644F2115F94}.Debug|Any CPU.Build.0 = Debug|Any CPU
		{188553CA-387B-4D79-88D8-E644F2115F94}.Debug|iPhone.ActiveCfg = Debug|Any CPU
		{188553CA-387B-4D79-88D8-E644F2115F94}.Debug|iPhone.Build.0 = Debug|Any CPU
		{188553CA-387B-4D79-88D8-E644F2115F94}.Debug|iPhoneSimulator.ActiveCfg = Debug|Any CPU
		{188553CA-387B-4D79-88D8-E644F2115F94}.Debug|iPhoneSimulator.Build.0 = Debug|Any CPU
		{188553CA-387B-4D79-88D8-E644F2115F94}.Release|Any CPU.ActiveCfg = Release|Any CPU
		{188553CA-387B-4D79-88D8-E644F2115F94}.Release|Any CPU.Build.0 = Release|Any CPU
		{188553CA-387B-4D79-88D8-E644F2115F94}.Release|iPhone.ActiveCfg = Release|Any CPU
		{188553CA-387B-4D79-88D8-E644F2115F94}.Release|iPhone.Build.0 = Release|Any CPU
		{188553CA-387B-4D79-88D8-E644F2115F94}.Release|iPhoneSimulator.ActiveCfg = Release|Any CPU
		{188553CA-387B-4D79-88D8-E644F2115F94}.Release|iPhoneSimulator.Build.0 = Release|Any CPU
		{A4DE0BBD-9F06-481A-8BE8-27D9ECD4EA91}.Debug|Any CPU.ActiveCfg = Debug|Any CPU
		{A4DE0BBD-9F06-481A-8BE8-27D9ECD4EA91}.Debug|Any CPU.Build.0 = Debug|Any CPU
		{A4DE0BBD-9F06-481A-8BE8-27D9ECD4EA91}.Debug|iPhone.ActiveCfg = Debug|Any CPU
		{A4DE0BBD-9F06-481A-8BE8-27D9ECD4EA91}.Debug|iPhone.Build.0 = Debug|Any CPU
		{A4DE0BBD-9F06-481A-8BE8-27D9ECD4EA91}.Debug|iPhoneSimulator.ActiveCfg = Debug|Any CPU
		{A4DE0BBD-9F06-481A-8BE8-27D9ECD4EA91}.Debug|iPhoneSimulator.Build.0 = Debug|Any CPU
		{A4DE0BBD-9F06-481A-8BE8-27D9ECD4EA91}.Release|Any CPU.ActiveCfg = Release|Any CPU
		{A4DE0BBD-9F06-481A-8BE8-27D9ECD4EA91}.Release|Any CPU.Build.0 = Release|Any CPU
		{A4DE0BBD-9F06-481A-8BE8-27D9ECD4EA91}.Release|iPhone.ActiveCfg = Release|Any CPU
		{A4DE0BBD-9F06-481A-8BE8-27D9ECD4EA91}.Release|iPhone.Build.0 = Release|Any CPU
		{A4DE0BBD-9F06-481A-8BE8-27D9ECD4EA91}.Release|iPhoneSimulator.ActiveCfg = Release|Any CPU
		{A4DE0BBD-9F06-481A-8BE8-27D9ECD4EA91}.Release|iPhoneSimulator.Build.0 = Release|Any CPU
		{422BE2FE-B276-4A81-B7B9-4E8FE92E9016}.Debug|Any CPU.ActiveCfg = Debug|Any CPU
		{422BE2FE-B276-4A81-B7B9-4E8FE92E9016}.Debug|Any CPU.Build.0 = Debug|Any CPU
		{422BE2FE-B276-4A81-B7B9-4E8FE92E9016}.Debug|iPhone.ActiveCfg = Debug|Any CPU
		{422BE2FE-B276-4A81-B7B9-4E8FE92E9016}.Debug|iPhone.Build.0 = Debug|Any CPU
		{422BE2FE-B276-4A81-B7B9-4E8FE92E9016}.Debug|iPhoneSimulator.ActiveCfg = Debug|Any CPU
		{422BE2FE-B276-4A81-B7B9-4E8FE92E9016}.Debug|iPhoneSimulator.Build.0 = Debug|Any CPU
		{422BE2FE-B276-4A81-B7B9-4E8FE92E9016}.Release|Any CPU.ActiveCfg = Release|Any CPU
		{422BE2FE-B276-4A81-B7B9-4E8FE92E9016}.Release|Any CPU.Build.0 = Release|Any CPU
		{422BE2FE-B276-4A81-B7B9-4E8FE92E9016}.Release|iPhone.ActiveCfg = Release|Any CPU
		{422BE2FE-B276-4A81-B7B9-4E8FE92E9016}.Release|iPhone.Build.0 = Release|Any CPU
		{422BE2FE-B276-4A81-B7B9-4E8FE92E9016}.Release|iPhoneSimulator.ActiveCfg = Release|Any CPU
		{422BE2FE-B276-4A81-B7B9-4E8FE92E9016}.Release|iPhoneSimulator.Build.0 = Release|Any CPU
		{0774FB84-75F5-4986-85B8-11B10462121F}.Debug|Any CPU.ActiveCfg = Debug|Any CPU
		{0774FB84-75F5-4986-85B8-11B10462121F}.Debug|Any CPU.Build.0 = Debug|Any CPU
		{0774FB84-75F5-4986-85B8-11B10462121F}.Debug|iPhone.ActiveCfg = Debug|Any CPU
		{0774FB84-75F5-4986-85B8-11B10462121F}.Debug|iPhone.Build.0 = Debug|Any CPU
		{0774FB84-75F5-4986-85B8-11B10462121F}.Debug|iPhoneSimulator.ActiveCfg = Debug|Any CPU
		{0774FB84-75F5-4986-85B8-11B10462121F}.Debug|iPhoneSimulator.Build.0 = Debug|Any CPU
		{0774FB84-75F5-4986-85B8-11B10462121F}.Release|Any CPU.ActiveCfg = Release|Any CPU
		{0774FB84-75F5-4986-85B8-11B10462121F}.Release|Any CPU.Build.0 = Release|Any CPU
		{0774FB84-75F5-4986-85B8-11B10462121F}.Release|iPhone.ActiveCfg = Release|Any CPU
		{0774FB84-75F5-4986-85B8-11B10462121F}.Release|iPhone.Build.0 = Release|Any CPU
		{0774FB84-75F5-4986-85B8-11B10462121F}.Release|iPhoneSimulator.ActiveCfg = Release|Any CPU
		{0774FB84-75F5-4986-85B8-11B10462121F}.Release|iPhoneSimulator.Build.0 = Release|Any CPU
		{04C54905-05D7-408C-8DA7-5B3DF6C6772D}.Debug|Any CPU.ActiveCfg = Debug|Any CPU
		{04C54905-05D7-408C-8DA7-5B3DF6C6772D}.Debug|Any CPU.Build.0 = Debug|Any CPU
		{04C54905-05D7-408C-8DA7-5B3DF6C6772D}.Debug|Any CPU.Deploy.0 = Debug|Any CPU
		{04C54905-05D7-408C-8DA7-5B3DF6C6772D}.Debug|iPhone.ActiveCfg = Debug|Any CPU
		{04C54905-05D7-408C-8DA7-5B3DF6C6772D}.Debug|iPhone.Build.0 = Debug|Any CPU
		{04C54905-05D7-408C-8DA7-5B3DF6C6772D}.Debug|iPhone.Deploy.0 = Debug|Any CPU
		{04C54905-05D7-408C-8DA7-5B3DF6C6772D}.Debug|iPhoneSimulator.ActiveCfg = Debug|Any CPU
		{04C54905-05D7-408C-8DA7-5B3DF6C6772D}.Debug|iPhoneSimulator.Build.0 = Debug|Any CPU
		{04C54905-05D7-408C-8DA7-5B3DF6C6772D}.Debug|iPhoneSimulator.Deploy.0 = Debug|Any CPU
		{04C54905-05D7-408C-8DA7-5B3DF6C6772D}.Release|Any CPU.ActiveCfg = Release|Any CPU
		{04C54905-05D7-408C-8DA7-5B3DF6C6772D}.Release|Any CPU.Build.0 = Release|Any CPU
		{04C54905-05D7-408C-8DA7-5B3DF6C6772D}.Release|Any CPU.Deploy.0 = Release|Any CPU
		{04C54905-05D7-408C-8DA7-5B3DF6C6772D}.Release|iPhone.ActiveCfg = Release|Any CPU
		{04C54905-05D7-408C-8DA7-5B3DF6C6772D}.Release|iPhone.Build.0 = Release|Any CPU
		{04C54905-05D7-408C-8DA7-5B3DF6C6772D}.Release|iPhone.Deploy.0 = Release|Any CPU
		{04C54905-05D7-408C-8DA7-5B3DF6C6772D}.Release|iPhoneSimulator.ActiveCfg = Release|Any CPU
		{04C54905-05D7-408C-8DA7-5B3DF6C6772D}.Release|iPhoneSimulator.Build.0 = Release|Any CPU
		{04C54905-05D7-408C-8DA7-5B3DF6C6772D}.Release|iPhoneSimulator.Deploy.0 = Release|Any CPU
		{E943F764-E32F-4681-8B6E-A20EDBDEA50E}.Debug|Any CPU.ActiveCfg = Debug|iPhone
		{E943F764-E32F-4681-8B6E-A20EDBDEA50E}.Debug|iPhone.ActiveCfg = Debug|iPhone
		{E943F764-E32F-4681-8B6E-A20EDBDEA50E}.Debug|iPhone.Build.0 = Debug|iPhone
		{E943F764-E32F-4681-8B6E-A20EDBDEA50E}.Debug|iPhoneSimulator.ActiveCfg = Debug|iPhoneSimulator
		{E943F764-E32F-4681-8B6E-A20EDBDEA50E}.Debug|iPhoneSimulator.Build.0 = Debug|iPhoneSimulator
		{E943F764-E32F-4681-8B6E-A20EDBDEA50E}.Release|Any CPU.ActiveCfg = Release|iPhone
		{E943F764-E32F-4681-8B6E-A20EDBDEA50E}.Release|iPhone.ActiveCfg = Release|iPhone
		{E943F764-E32F-4681-8B6E-A20EDBDEA50E}.Release|iPhone.Build.0 = Release|iPhone
		{E943F764-E32F-4681-8B6E-A20EDBDEA50E}.Release|iPhoneSimulator.ActiveCfg = Release|iPhoneSimulator
		{E943F764-E32F-4681-8B6E-A20EDBDEA50E}.Release|iPhoneSimulator.Build.0 = Release|iPhoneSimulator
		{7E5C7A75-9BF9-436F-BD40-1C975697637F}.Debug|Any CPU.ActiveCfg = Debug|Any CPU
		{7E5C7A75-9BF9-436F-BD40-1C975697637F}.Debug|Any CPU.Build.0 = Debug|Any CPU
		{7E5C7A75-9BF9-436F-BD40-1C975697637F}.Debug|iPhone.ActiveCfg = Debug|Any CPU
		{7E5C7A75-9BF9-436F-BD40-1C975697637F}.Debug|iPhone.Build.0 = Debug|Any CPU
		{7E5C7A75-9BF9-436F-BD40-1C975697637F}.Debug|iPhoneSimulator.ActiveCfg = Debug|Any CPU
		{7E5C7A75-9BF9-436F-BD40-1C975697637F}.Debug|iPhoneSimulator.Build.0 = Debug|Any CPU
		{7E5C7A75-9BF9-436F-BD40-1C975697637F}.Release|Any CPU.ActiveCfg = Release|Any CPU
		{7E5C7A75-9BF9-436F-BD40-1C975697637F}.Release|Any CPU.Build.0 = Release|Any CPU
		{7E5C7A75-9BF9-436F-BD40-1C975697637F}.Release|iPhone.ActiveCfg = Release|Any CPU
		{7E5C7A75-9BF9-436F-BD40-1C975697637F}.Release|iPhone.Build.0 = Release|Any CPU
		{7E5C7A75-9BF9-436F-BD40-1C975697637F}.Release|iPhoneSimulator.ActiveCfg = Release|Any CPU
		{7E5C7A75-9BF9-436F-BD40-1C975697637F}.Release|iPhoneSimulator.Build.0 = Release|Any CPU
		{1C09F8AC-1530-4E08-8318-D07F877198C1}.Debug|Any CPU.ActiveCfg = Debug|Any CPU
		{1C09F8AC-1530-4E08-8318-D07F877198C1}.Debug|Any CPU.Build.0 = Debug|Any CPU
		{1C09F8AC-1530-4E08-8318-D07F877198C1}.Debug|iPhone.ActiveCfg = Debug|Any CPU
		{1C09F8AC-1530-4E08-8318-D07F877198C1}.Debug|iPhone.Build.0 = Debug|Any CPU
		{1C09F8AC-1530-4E08-8318-D07F877198C1}.Debug|iPhoneSimulator.ActiveCfg = Debug|Any CPU
		{1C09F8AC-1530-4E08-8318-D07F877198C1}.Debug|iPhoneSimulator.Build.0 = Debug|Any CPU
		{1C09F8AC-1530-4E08-8318-D07F877198C1}.Release|Any CPU.ActiveCfg = Release|Any CPU
		{1C09F8AC-1530-4E08-8318-D07F877198C1}.Release|Any CPU.Build.0 = Release|Any CPU
		{1C09F8AC-1530-4E08-8318-D07F877198C1}.Release|iPhone.ActiveCfg = Release|Any CPU
		{1C09F8AC-1530-4E08-8318-D07F877198C1}.Release|iPhone.Build.0 = Release|Any CPU
		{1C09F8AC-1530-4E08-8318-D07F877198C1}.Release|iPhoneSimulator.ActiveCfg = Release|Any CPU
		{1C09F8AC-1530-4E08-8318-D07F877198C1}.Release|iPhoneSimulator.Build.0 = Release|Any CPU
		{2FF86362-9D68-4889-BAC9-BA40CFF5E008}.Debug|Any CPU.ActiveCfg = Debug|Any CPU
		{2FF86362-9D68-4889-BAC9-BA40CFF5E008}.Debug|Any CPU.Build.0 = Debug|Any CPU
		{2FF86362-9D68-4889-BAC9-BA40CFF5E008}.Debug|iPhone.ActiveCfg = Debug|Any CPU
		{2FF86362-9D68-4889-BAC9-BA40CFF5E008}.Debug|iPhone.Build.0 = Debug|Any CPU
		{2FF86362-9D68-4889-BAC9-BA40CFF5E008}.Debug|iPhoneSimulator.ActiveCfg = Debug|Any CPU
		{2FF86362-9D68-4889-BAC9-BA40CFF5E008}.Debug|iPhoneSimulator.Build.0 = Debug|Any CPU
		{2FF86362-9D68-4889-BAC9-BA40CFF5E008}.Release|Any CPU.ActiveCfg = Release|Any CPU
		{2FF86362-9D68-4889-BAC9-BA40CFF5E008}.Release|Any CPU.Build.0 = Release|Any CPU
		{2FF86362-9D68-4889-BAC9-BA40CFF5E008}.Release|iPhone.ActiveCfg = Release|Any CPU
		{2FF86362-9D68-4889-BAC9-BA40CFF5E008}.Release|iPhone.Build.0 = Release|Any CPU
		{2FF86362-9D68-4889-BAC9-BA40CFF5E008}.Release|iPhoneSimulator.ActiveCfg = Release|Any CPU
		{2FF86362-9D68-4889-BAC9-BA40CFF5E008}.Release|iPhoneSimulator.Build.0 = Release|Any CPU
	EndGlobalSection
	GlobalSection(SolutionProperties) = preSolution
		HideSolutionNode = FALSE
	EndGlobalSection
	GlobalSection(NestedProjects) = preSolution
		{188553CA-387B-4D79-88D8-E644F2115F94} = {C2235F39-CF21-40D0-BD55-DEA9E700A9A0}
		{C2235F39-CF21-40D0-BD55-DEA9E700A9A0} = {40902547-F7F0-45D0-9C38-5B5420226F19}
		{44E40743-4E8A-49AE-B9BD-4EC7B3D57A49} = {40902547-F7F0-45D0-9C38-5B5420226F19}
		{A4DE0BBD-9F06-481A-8BE8-27D9ECD4EA91} = {44E40743-4E8A-49AE-B9BD-4EC7B3D57A49}
		{EC937E96-6B1D-4D46-A8E9-768D791D706D} = {40902547-F7F0-45D0-9C38-5B5420226F19}
		{422BE2FE-B276-4A81-B7B9-4E8FE92E9016} = {EC937E96-6B1D-4D46-A8E9-768D791D706D}
		{0774FB84-75F5-4986-85B8-11B10462121F} = {8CD29104-4E5C-49AC-BB81-AA6685D7F285}
		{04C54905-05D7-408C-8DA7-5B3DF6C6772D} = {44E40743-4E8A-49AE-B9BD-4EC7B3D57A49}
		{E943F764-E32F-4681-8B6E-A20EDBDEA50E} = {44E40743-4E8A-49AE-B9BD-4EC7B3D57A49}
		{7E5C7A75-9BF9-436F-BD40-1C975697637F} = {44E40743-4E8A-49AE-B9BD-4EC7B3D57A49}
		{1C09F8AC-1530-4E08-8318-D07F877198C1} = {44E40743-4E8A-49AE-B9BD-4EC7B3D57A49}
		{2FF86362-9D68-4889-BAC9-BA40CFF5E008} = {C2235F39-CF21-40D0-BD55-DEA9E700A9A0}
	EndGlobalSection
	GlobalSection(ExtensibilityGlobals) = postSolution
		SolutionGuid = {E9E4CB72-65F0-45DF-9F71-3484FED6E967}
	EndGlobalSection
EndGlobal
