
Microsoft Visual Studio Solution File, Format Version 12.00
# Visual Studio Version 16
VisualStudioVersion = 16.0.29403.142
MinimumVisualStudioVersion = 10.0.40219.1
Project("{2150E333-8FDC-42A3-9474-1A3956D46DE8}") = "Src", "Src", "{40902547-F7F0-45D0-9C38-5B5420226F19}"
EndProject
Project("{2150E333-8FDC-42A3-9474-1A3956D46DE8}") = "Test", "Test", "{8CD29104-4E5C-49AC-BB81-AA6685D7F285}"
EndProject
Project("{2150E333-8FDC-42A3-9474-1A3956D46DE8}") = "Doc", "Doc", "{DAA3DA63-B2B1-4AD9-A12A-ECA887A30327}"
EndProject
Project("{FAE04EC0-301F-11D3-BF4B-00C04F79EFBC}") = "BoxingTire.Domain", "BoxingTire.Domain\BoxingTire.Domain.csproj", "{188553CA-387B-4D79-88D8-E644F2115F94}"
EndProject
Project("{2150E333-8FDC-42A3-9474-1A3956D46DE8}") = "Core", "Core", "{C2235F39-CF21-40D0-BD55-DEA9E700A9A0}"
EndProject
Project("{2150E333-8FDC-42A3-9474-1A3956D46DE8}") = "Presentation", "Presentation", "{44E40743-4E8A-49AE-B9BD-4EC7B3D57A49}"
EndProject
Project("{FAE04EC0-301F-11D3-BF4B-00C04F79EFBC}") = "BoxingTire.WebUi", "BoxingTire.WebUi\BoxingTire.WebUi.csproj", "{A4DE0BBD-9F06-481A-8BE8-27D9ECD4EA91}"
EndProject
Project("{2150E333-8FDC-42A3-9474-1A3956D46DE8}") = "Configuration", "Configuration", "{2BB54E89-E2E1-405A-9F9C-589A71591D59}"
EndProject
Global
	GlobalSection(SolutionConfigurationPlatforms) = preSolution
		Debug|Any CPU = Debug|Any CPU
		Release|Any CPU = Release|Any CPU
	EndGlobalSection
	GlobalSection(ProjectConfigurationPlatforms) = postSolution
		{188553CA-387B-4D79-88D8-E644F2115F94}.Debug|Any CPU.ActiveCfg = Debug|Any CPU
		{188553CA-387B-4D79-88D8-E644F2115F94}.Debug|Any CPU.Build.0 = Debug|Any CPU
		{188553CA-387B-4D79-88D8-E644F2115F94}.Release|Any CPU.ActiveCfg = Release|Any CPU
		{188553CA-387B-4D79-88D8-E644F2115F94}.Release|Any CPU.Build.0 = Release|Any CPU
		{A4DE0BBD-9F06-481A-8BE8-27D9ECD4EA91}.Debug|Any CPU.ActiveCfg = Debug|Any CPU
		{A4DE0BBD-9F06-481A-8BE8-27D9ECD4EA91}.Debug|Any CPU.Build.0 = Debug|Any CPU
		{A4DE0BBD-9F06-481A-8BE8-27D9ECD4EA91}.Release|Any CPU.ActiveCfg = Release|Any CPU
		{A4DE0BBD-9F06-481A-8BE8-27D9ECD4EA91}.Release|Any CPU.Build.0 = Release|Any CPU
	EndGlobalSection
	GlobalSection(SolutionProperties) = preSolution
		HideSolutionNode = FALSE
	EndGlobalSection
	GlobalSection(NestedProjects) = preSolution
		{188553CA-387B-4D79-88D8-E644F2115F94} = {C2235F39-CF21-40D0-BD55-DEA9E700A9A0}
		{C2235F39-CF21-40D0-BD55-DEA9E700A9A0} = {40902547-F7F0-45D0-9C38-5B5420226F19}
		{44E40743-4E8A-49AE-B9BD-4EC7B3D57A49} = {40902547-F7F0-45D0-9C38-5B5420226F19}
		{A4DE0BBD-9F06-481A-8BE8-27D9ECD4EA91} = {44E40743-4E8A-49AE-B9BD-4EC7B3D57A49}
		{2BB54E89-E2E1-405A-9F9C-589A71591D59} = {40902547-F7F0-45D0-9C38-5B5420226F19}
	EndGlobalSection
	GlobalSection(ExtensibilityGlobals) = postSolution
		SolutionGuid = {E9E4CB72-65F0-45DF-9F71-3484FED6E967}
	EndGlobalSection
EndGlobal
